
Microsoft Visual Studio Solution File, Format Version 12.00
# Visual Studio Version 17
VisualStudioVersion = 17.0.31808.319
MinimumVisualStudioVersion = 10.0.40219.1
Project("{2150E333-8FDC-42A3-9474-1A3956D46DE8}") = "global", "global", "{F0B4D082-200A-4DD3-9291-872B7F2A991E}"
	ProjectSection(SolutionItems) = preProject
		.appveyor.yml = .appveyor.yml
		.codecov.yml = .codecov.yml
		.editorconfig = .editorconfig
		.gitignore = .gitignore
		CodeCoverage.runsettings = CodeCoverage.runsettings
		License.txt = License.txt
		README.md = README.md
	EndProjectSection
EndProject
Project("{2150E333-8FDC-42A3-9474-1A3956D46DE8}") = "src", "src", "{C6187826-9F4B-4E85-90D1-BC46A0F7F8F1}"
	ProjectSection(SolutionItems) = preProject
		src\Directory.build.props = src\Directory.build.props
	EndProjectSection
EndProject
Project("{2150E333-8FDC-42A3-9474-1A3956D46DE8}") = "tests", "tests", "{46BF0980-A8A4-492E-8652-0725ADB6A683}"
EndProject
Project("{9A19103F-16F7-4668-BE54-9A1E7A4F7556}") = "InfinityCrawler", "src\InfinityCrawler\InfinityCrawler.csproj", "{90361E0D-CB4C-4BCC-AAF2-70DAF87D5565}"
EndProject
Project("{9A19103F-16F7-4668-BE54-9A1E7A4F7556}") = "InfinityCrawler.Tests", "tests\InfinityCrawler.Tests\InfinityCrawler.Tests.csproj", "{F30AF2A4-C53F-40FE-8083-6A82C0583255}"
EndProject
Project("{9A19103F-16F7-4668-BE54-9A1E7A4F7556}") = "InfinityCrawler.Tests.TestSite", "tests\InfinityCrawler.Tests.TestSite\InfinityCrawler.Tests.TestSite.csproj", "{483B6FC9-98E7-4BD4-BA09-80DF504E31B2}"
EndProject
Project("{9A19103F-16F7-4668-BE54-9A1E7A4F7556}") = "InfinityCrawler.Tests.Benchmarks", "tests\InfinityCrawler.Tests.Benchmarks\InfinityCrawler.Tests.Benchmarks.csproj", "{F17C5CAC-DF32-434B-A4C5-21CBDDA86B97}"
EndProject
Global
	GlobalSection(SolutionConfigurationPlatforms) = preSolution
		Debug|Any CPU = Debug|Any CPU
		Release|Any CPU = Release|Any CPU
	EndGlobalSection
	GlobalSection(ProjectConfigurationPlatforms) = postSolution
		{90361E0D-CB4C-4BCC-AAF2-70DAF87D5565}.Debug|Any CPU.ActiveCfg = Debug|Any CPU
		{90361E0D-CB4C-4BCC-AAF2-70DAF87D5565}.Debug|Any CPU.Build.0 = Debug|Any CPU
		{90361E0D-CB4C-4BCC-AAF2-70DAF87D5565}.Release|Any CPU.ActiveCfg = Release|Any CPU
		{90361E0D-CB4C-4BCC-AAF2-70DAF87D5565}.Release|Any CPU.Build.0 = Release|Any CPU
		{F30AF2A4-C53F-40FE-8083-6A82C0583255}.Debug|Any CPU.ActiveCfg = Debug|Any CPU
		{F30AF2A4-C53F-40FE-8083-6A82C0583255}.Debug|Any CPU.Build.0 = Debug|Any CPU
		{F30AF2A4-C53F-40FE-8083-6A82C0583255}.Release|Any CPU.ActiveCfg = Release|Any CPU
		{F30AF2A4-C53F-40FE-8083-6A82C0583255}.Release|Any CPU.Build.0 = Release|Any CPU
		{483B6FC9-98E7-4BD4-BA09-80DF504E31B2}.Debug|Any CPU.ActiveCfg = Debug|Any CPU
		{483B6FC9-98E7-4BD4-BA09-80DF504E31B2}.Debug|Any CPU.Build.0 = Debug|Any CPU
		{483B6FC9-98E7-4BD4-BA09-80DF504E31B2}.Release|Any CPU.ActiveCfg = Release|Any CPU
		{483B6FC9-98E7-4BD4-BA09-80DF504E31B2}.Release|Any CPU.Build.0 = Release|Any CPU
		{F17C5CAC-DF32-434B-A4C5-21CBDDA86B97}.Debug|Any CPU.ActiveCfg = Debug|Any CPU
		{F17C5CAC-DF32-434B-A4C5-21CBDDA86B97}.Debug|Any CPU.Build.0 = Debug|Any CPU
		{F17C5CAC-DF32-434B-A4C5-21CBDDA86B97}.Release|Any CPU.ActiveCfg = Release|Any CPU
		{F17C5CAC-DF32-434B-A4C5-21CBDDA86B97}.Release|Any CPU.Build.0 = Release|Any CPU
	EndGlobalSection
	GlobalSection(SolutionProperties) = preSolution
		HideSolutionNode = FALSE
	EndGlobalSection
	GlobalSection(NestedProjects) = preSolution
		{90361E0D-CB4C-4BCC-AAF2-70DAF87D5565} = {C6187826-9F4B-4E85-90D1-BC46A0F7F8F1}
		{F30AF2A4-C53F-40FE-8083-6A82C0583255} = {46BF0980-A8A4-492E-8652-0725ADB6A683}
		{483B6FC9-98E7-4BD4-BA09-80DF504E31B2} = {46BF0980-A8A4-492E-8652-0725ADB6A683}
		{F17C5CAC-DF32-434B-A4C5-21CBDDA86B97} = {46BF0980-A8A4-492E-8652-0725ADB6A683}
	EndGlobalSection
	GlobalSection(ExtensibilityGlobals) = postSolution
		SolutionGuid = {FC9AB8BE-670B-4F26-9F17-73D2C0DECA6A}
	EndGlobalSection
EndGlobal
